{
  "name": "base44",
  "version": "1.2.0",
  "private": true,
  "scripts": {
    "dev": "next dev",
    "build": "next build",
    "start": "next start",
    "lint": "next lint"
  },
  "dependencies": {
    "next": "*",
    "react": "latest",
    "react-dom": "latest",
    "framer-motion": "latest",
    "lucide-react": "latest",
    "googleapis": "latest"
  },
  "devDependencies": {
    "typescript": "latest",
    "@types/node": "latest",
    "@types/react": "latest",
    "@types/react-dom": "latest",
    "postcss": "latest",
    "tailwindcss": "latest",
    "@tailwindcss/postcss": "latest"
  }
}
